
Microsoft Visual Studio Solution File, Format Version 12.00
Project("{FAE04EC0-301F-11D3-BF4B-00C04F79EFBC}") = "DelegateDemo", "DelegateDemo\DelegateDemo.csproj", "{5D59706D-72BD-4FEA-85ED-821762787C22}"
EndProject
Project("{FAE04EC0-301F-11D3-BF4B-00C04F79EFBC}") = "Lib", "Lib\Lib.csproj", "{47437C82-2C1B-4E2A-80ED-A35CD5F50D96}"
EndProject
Global
	GlobalSection(SolutionConfigurationPlatforms) = preSolution
		Debug|Any CPU = Debug|Any CPU
		Release|Any CPU = Release|Any CPU
	EndGlobalSection
	GlobalSection(ProjectConfigurationPlatforms) = postSolution
		{5D59706D-72BD-4FEA-85ED-821762787C22}.Debug|Any CPU.ActiveCfg = Debug|Any CPU
		{5D59706D-72BD-4FEA-85ED-821762787C22}.Debug|Any CPU.Build.0 = Debug|Any CPU
		{5D59706D-72BD-4FEA-85ED-821762787C22}.Release|Any CPU.ActiveCfg = Release|Any CPU
		{5D59706D-72BD-4FEA-85ED-821762787C22}.Release|Any CPU.Build.0 = Release|Any CPU
		{47437C82-2C1B-4E2A-80ED-A35CD5F50D96}.Debug|Any CPU.ActiveCfg = Debug|Any CPU
		{47437C82-2C1B-4E2A-80ED-A35CD5F50D96}.Debug|Any CPU.Build.0 = Debug|Any CPU
		{47437C82-2C1B-4E2A-80ED-A35CD5F50D96}.Release|Any CPU.ActiveCfg = Release|Any CPU
		{47437C82-2C1B-4E2A-80ED-A35CD5F50D96}.Release|Any CPU.Build.0 = Release|Any CPU
	EndGlobalSection
EndGlobal
